
Microsoft Visual Studio Solution File, Format Version 12.00
# Visual Studio 14
VisualStudioVersion = 14.0.25420.1
MinimumVisualStudioVersion = 10.0.40219.1
Project("{2150E333-8FDC-42A3-9474-1A3956D46DE8}") = "Tesseract", "Tesseract", "{D7BA7975-FE3B-4C82-8E6A-5F72B3BBF950}"
EndProject
Project("{2150E333-8FDC-42A3-9474-1A3956D46DE8}") = "arch", "arch", "{A5A797C3-785B-4638-9377-19A4E085AA8A}"
EndProject
Project("{8BC9CEB8-8B4A-11D0-8D11-00A0C91BC942}") = "terresract_fma", "tesseract-src\vstudio_2015\terresract_fma\terresract_fma.vcxproj", "{A974B09E-F625-45B5-83BE-94F3FADC62FA}"
EndProject
Project("{8BC9CEB8-8B4A-11D0-8D11-00A0C91BC942}") = "tesseract_arch", "tesseract-src\vstudio_2015\tesseract_arch\tesseract_arch.vcxproj", "{2D5F9B79-DCEB-455E-8965-E689B61CDD77}"
EndProject
Project("{8BC9CEB8-8B4A-11D0-8D11-00A0C91BC942}") = "tesseract_avx", "tesseract-src\vstudio_2015\tesseract_avx\tesseract_avx.vcxproj", "{E37D8DEE-BB2F-4829-B39E-14B19BED9B23}"
EndProject
Project("{8BC9CEB8-8B4A-11D0-8D11-00A0C91BC942}") = "tesseract_avx2", "tesseract-src\vstudio_2015\tesseract_avx2\tesseract_avx2.vcxproj", "{A9CA56CE-A2DC-4BBC-A750-B91ED247756C}"
EndProject
Project("{8BC9CEB8-8B4A-11D0-8D11-00A0C91BC942}") = "tesseract_native", "tesseract-src\vstudio_2015\tesseract_native\tesseract_native.vcxproj", "{30EE9052-5669-4021-9511-B07C09C17D5D}"
EndProject
Project("{8BC9CEB8-8B4A-11D0-8D11-00A0C91BC942}") = "tesseract_sse", "tesseract-src\vstudio_2015\tesseract_sse\tesseract_sse.vcxproj", "{A6D8222B-C0B7-48E4-BA93-287ACBB85137}"
EndProject
Project("{8BC9CEB8-8B4A-11D0-8D11-00A0C91BC942}") = "tesseract_ccstruct", "tesseract-src\vstudio_2015\tesseract_ccstruct\tesseract_ccstruct.vcxproj", "{C215B79E-B698-4105-AF20-B1834C9A6A2B}"
EndProject
Project("{8BC9CEB8-8B4A-11D0-8D11-00A0C91BC942}") = "tesseract_ccutil", "tesseract-src\vstudio_2015\tesseract_ccutil\tesseract_ccutil.vcxproj", "{44BD14C8-CCD8-4DE9-A46A-B59378BF7F25}"
EndProject
Project("{8BC9CEB8-8B4A-11D0-8D11-00A0C91BC942}") = "tesseract_classify", "tesseract-src\vstudio_2015\tesseract_classify\tesseract_classify.vcxproj", "{A515AC87-D96A-4B2E-8E58-43529739B59A}"
EndProject
Project("{8BC9CEB8-8B4A-11D0-8D11-00A0C91BC942}") = "tesseract_cutil", "tesseract-src\vstudio_2015\tesseract_cutil\tesseract_cutil.vcxproj", "{58A48A68-15C8-4556-879F-69714181998B}"
EndProject
Project("{8BC9CEB8-8B4A-11D0-8D11-00A0C91BC942}") = "tesseract_dict", "tesseract-src\vstudio_2015\tesseract_dict\tesseract_dict.vcxproj", "{B2BABA5C-A39B-4164-AFE0-6A596A65085C}"
EndProject
Project("{8BC9CEB8-8B4A-11D0-8D11-00A0C91BC942}") = "tesseract_ltsm", "tesseract-src\vstudio_2015\tesseract_ltsm\tesseract_ltsm.vcxproj", "{7A169E3D-ECA6-4FF5-A626-2BFDD3A416BB}"
EndProject
Project("{8BC9CEB8-8B4A-11D0-8D11-00A0C91BC942}") = "tesseract_opencl", "tesseract-src\vstudio_2015\tesseract_opencl\tesseract_opencl.vcxproj", "{2E563554-39A7-4559-AF46-5BAE95A5F81E}"
EndProject
Project("{8BC9CEB8-8B4A-11D0-8D11-00A0C91BC942}") = "tesseract_port", "tesseract-src\vstudio_2015\tesseract_port\tesseract_port.vcxproj", "{983F3E6D-FD5E-4E3F-B6AF-BFB745F09D2B}"
EndProject
Project("{8BC9CEB8-8B4A-11D0-8D11-00A0C91BC942}") = "tesseract_training", "tesseract-src\vstudio_2015\tesseract_training\tessaract_training.vcxproj", "{598A50DE-7880-46BB-A0B5-D134D1FDF824}"
EndProject
Project("{8BC9CEB8-8B4A-11D0-8D11-00A0C91BC942}") = "tesseract_viewer", "tesseract-src\vstudio_2015\tesseract_viewer\tesseract_viewer.vcxproj", "{72309BBD-8C0A-4F9E-B69E-6233A94239B8}"
EndProject
Project("{8BC9CEB8-8B4A-11D0-8D11-00A0C91BC942}") = "tesseract_wordrec", "tesseract-src\vstudio_2015\tesseract_wordrec\tesseract_wordrec.vcxproj", "{87F6F602-C58C-4028-86A3-2EBA45A3BE8F}"
EndProject
Project("{8BC9CEB8-8B4A-11D0-8D11-00A0C91BC942}") = "leptonica", "leptonica-1.78.0\leptonica_vs2015\leptonica.vcxproj", "{B3D52679-A3C9-443A-AADF-A86CBE80AC8F}"
EndProject
Project("{8BC9CEB8-8B4A-11D0-8D11-00A0C91BC942}") = "QCM", "QCM\QCM_vs2015.vcxproj", "{6BE3BD8B-5622-41FE-B679-DACD44E7D2DA}"
EndProject
Project("{8BC9CEB8-8B4A-11D0-8D11-00A0C91BC942}") = "qrgen", "qrgen\qrgen_vs2015.vcxproj", "{4F8EE3A9-BE51-40A4-8CA5-4E341452BD2A}"
EndProject
Project("{8BC9CEB8-8B4A-11D0-8D11-00A0C91BC942}") = "qrtest", "qrtest\qrtest_vs2015.vcxproj", "{4B0AE35B-1277-45A7-86D9-0B4E96F503FC}"
EndProject
Project("{8BC9CEB8-8B4A-11D0-8D11-00A0C91BC942}") = "quirc", "QUIRC\quirc_vs2015.vcxproj", "{1ACD7EE1-E1F5-4262-83EA-6C633A57D162}"
EndProject
Project("{8BC9CEB8-8B4A-11D0-8D11-00A0C91BC942}") = "scan", "scan\scan_vs2015.vcxproj", "{0EA26975-76DB-4993-A218-6639CE7F60AD}"
EndProject
Project("{8BC9CEB8-8B4A-11D0-8D11-00A0C91BC942}") = "scantest", "scantest\scantest_vs2015.vcxproj", "{42A26F66-483B-4CC7-94DB-EAA608170A45}"
EndProject
Global
	GlobalSection(SolutionConfigurationPlatforms) = preSolution
		Debug|Win32 = Debug|Win32
		Debug|x64 = Debug|x64
		Release|Win32 = Release|Win32
		Release|x64 = Release|x64
	EndGlobalSection
	GlobalSection(ProjectConfigurationPlatforms) = postSolution
		{A974B09E-F625-45B5-83BE-94F3FADC62FA}.Debug|Win32.ActiveCfg = Debug|Win32
		{A974B09E-F625-45B5-83BE-94F3FADC62FA}.Debug|Win32.Build.0 = Debug|Win32
		{A974B09E-F625-45B5-83BE-94F3FADC62FA}.Debug|x64.ActiveCfg = Debug|x64
		{A974B09E-F625-45B5-83BE-94F3FADC62FA}.Debug|x64.Build.0 = Debug|x64
		{A974B09E-F625-45B5-83BE-94F3FADC62FA}.Release|Win32.ActiveCfg = Release|Win32
		{A974B09E-F625-45B5-83BE-94F3FADC62FA}.Release|Win32.Build.0 = Release|Win32
		{A974B09E-F625-45B5-83BE-94F3FADC62FA}.Release|x64.ActiveCfg = Release|x64
		{A974B09E-F625-45B5-83BE-94F3FADC62FA}.Release|x64.Build.0 = Release|x64
		{2D5F9B79-DCEB-455E-8965-E689B61CDD77}.Debug|Win32.ActiveCfg = Debug|Win32
		{2D5F9B79-DCEB-455E-8965-E689B61CDD77}.Debug|Win32.Build.0 = Debug|Win32
		{2D5F9B79-DCEB-455E-8965-E689B61CDD77}.Debug|x64.ActiveCfg = Debug|x64
		{2D5F9B79-DCEB-455E-8965-E689B61CDD77}.Debug|x64.Build.0 = Debug|x64
		{2D5F9B79-DCEB-455E-8965-E689B61CDD77}.Release|Win32.ActiveCfg = Release|Win32
		{2D5F9B79-DCEB-455E-8965-E689B61CDD77}.Release|Win32.Build.0 = Release|Win32
		{2D5F9B79-DCEB-455E-8965-E689B61CDD77}.Release|x64.ActiveCfg = Release|x64
		{2D5F9B79-DCEB-455E-8965-E689B61CDD77}.Release|x64.Build.0 = Release|x64
		{E37D8DEE-BB2F-4829-B39E-14B19BED9B23}.Debug|Win32.ActiveCfg = Debug|Win32
		{E37D8DEE-BB2F-4829-B39E-14B19BED9B23}.Debug|Win32.Build.0 = Debug|Win32
		{E37D8DEE-BB2F-4829-B39E-14B19BED9B23}.Debug|x64.ActiveCfg = Debug|x64
		{E37D8DEE-BB2F-4829-B39E-14B19BED9B23}.Debug|x64.Build.0 = Debug|x64
		{E37D8DEE-BB2F-4829-B39E-14B19BED9B23}.Release|Win32.ActiveCfg = Release|Win32
		{E37D8DEE-BB2F-4829-B39E-14B19BED9B23}.Release|Win32.Build.0 = Release|Win32
		{E37D8DEE-BB2F-4829-B39E-14B19BED9B23}.Release|x64.ActiveCfg = Release|x64
		{E37D8DEE-BB2F-4829-B39E-14B19BED9B23}.Release|x64.Build.0 = Release|x64
		{A9CA56CE-A2DC-4BBC-A750-B91ED247756C}.Debug|Win32.ActiveCfg = Debug|Win32
		{A9CA56CE-A2DC-4BBC-A750-B91ED247756C}.Debug|Win32.Build.0 = Debug|Win32
		{A9CA56CE-A2DC-4BBC-A750-B91ED247756C}.Debug|x64.ActiveCfg = Debug|x64
		{A9CA56CE-A2DC-4BBC-A750-B91ED247756C}.Debug|x64.Build.0 = Debug|x64
		{A9CA56CE-A2DC-4BBC-A750-B91ED247756C}.Release|Win32.ActiveCfg = Release|Win32
		{A9CA56CE-A2DC-4BBC-A750-B91ED247756C}.Release|Win32.Build.0 = Release|Win32
		{A9CA56CE-A2DC-4BBC-A750-B91ED247756C}.Release|x64.ActiveCfg = Release|x64
		{A9CA56CE-A2DC-4BBC-A750-B91ED247756C}.Release|x64.Build.0 = Release|x64
		{30EE9052-5669-4021-9511-B07C09C17D5D}.Debug|Win32.ActiveCfg = Debug|Win32
		{30EE9052-5669-4021-9511-B07C09C17D5D}.Debug|Win32.Build.0 = Debug|Win32
		{30EE9052-5669-4021-9511-B07C09C17D5D}.Debug|x64.ActiveCfg = Debug|x64
		{30EE9052-5669-4021-9511-B07C09C17D5D}.Debug|x64.Build.0 = Debug|x64
		{30EE9052-5669-4021-9511-B07C09C17D5D}.Release|Win32.ActiveCfg = Release|Win32
		{30EE9052-5669-4021-9511-B07C09C17D5D}.Release|Win32.Build.0 = Release|Win32
		{30EE9052-5669-4021-9511-B07C09C17D5D}.Release|x64.ActiveCfg = Release|x64
		{30EE9052-5669-4021-9511-B07C09C17D5D}.Release|x64.Build.0 = Release|x64
		{A6D8222B-C0B7-48E4-BA93-287ACBB85137}.Debug|Win32.ActiveCfg = Debug|Win32
		{A6D8222B-C0B7-48E4-BA93-287ACBB85137}.Debug|Win32.Build.0 = Debug|Win32
		{A6D8222B-C0B7-48E4-BA93-287ACBB85137}.Debug|x64.ActiveCfg = Debug|x64
		{A6D8222B-C0B7-48E4-BA93-287ACBB85137}.Debug|x64.Build.0 = Debug|x64
		{A6D8222B-C0B7-48E4-BA93-287ACBB85137}.Release|Win32.ActiveCfg = Release|Win32
		{A6D8222B-C0B7-48E4-BA93-287ACBB85137}.Release|Win32.Build.0 = Release|Win32
		{A6D8222B-C0B7-48E4-BA93-287ACBB85137}.Release|x64.ActiveCfg = Release|x64
		{A6D8222B-C0B7-48E4-BA93-287ACBB85137}.Release|x64.Build.0 = Release|x64
		{C215B79E-B698-4105-AF20-B1834C9A6A2B}.Debug|Win32.ActiveCfg = Debug|Win32
		{C215B79E-B698-4105-AF20-B1834C9A6A2B}.Debug|Win32.Build.0 = Debug|Win32
		{C215B79E-B698-4105-AF20-B1834C9A6A2B}.Debug|x64.ActiveCfg = Debug|x64
		{C215B79E-B698-4105-AF20-B1834C9A6A2B}.Debug|x64.Build.0 = Debug|x64
		{C215B79E-B698-4105-AF20-B1834C9A6A2B}.Release|Win32.ActiveCfg = Release|Win32
		{C215B79E-B698-4105-AF20-B1834C9A6A2B}.Release|Win32.Build.0 = Release|Win32
		{C215B79E-B698-4105-AF20-B1834C9A6A2B}.Release|x64.ActiveCfg = Release|x64
		{C215B79E-B698-4105-AF20-B1834C9A6A2B}.Release|x64.Build.0 = Release|x64
		{44BD14C8-CCD8-4DE9-A46A-B59378BF7F25}.Debug|Win32.ActiveCfg = Debug|Win32
		{44BD14C8-CCD8-4DE9-A46A-B59378BF7F25}.Debug|Win32.Build.0 = Debug|Win32
		{44BD14C8-CCD8-4DE9-A46A-B59378BF7F25}.Debug|x64.ActiveCfg = Debug|x64
		{44BD14C8-CCD8-4DE9-A46A-B59378BF7F25}.Debug|x64.Build.0 = Debug|x64
		{44BD14C8-CCD8-4DE9-A46A-B59378BF7F25}.Release|Win32.ActiveCfg = Release|Win32
		{44BD14C8-CCD8-4DE9-A46A-B59378BF7F25}.Release|Win32.Build.0 = Release|Win32
		{44BD14C8-CCD8-4DE9-A46A-B59378BF7F25}.Release|x64.ActiveCfg = Release|x64
		{44BD14C8-CCD8-4DE9-A46A-B59378BF7F25}.Release|x64.Build.0 = Release|x64
		{A515AC87-D96A-4B2E-8E58-43529739B59A}.Debug|Win32.ActiveCfg = Debug|Win32
		{A515AC87-D96A-4B2E-8E58-43529739B59A}.Debug|Win32.Build.0 = Debug|Win32
		{A515AC87-D96A-4B2E-8E58-43529739B59A}.Debug|x64.ActiveCfg = Debug|x64
		{A515AC87-D96A-4B2E-8E58-43529739B59A}.Debug|x64.Build.0 = Debug|x64
		{A515AC87-D96A-4B2E-8E58-43529739B59A}.Release|Win32.ActiveCfg = Release|Win32
		{A515AC87-D96A-4B2E-8E58-43529739B59A}.Release|Win32.Build.0 = Release|Win32
		{A515AC87-D96A-4B2E-8E58-43529739B59A}.Release|x64.ActiveCfg = Release|x64
		{A515AC87-D96A-4B2E-8E58-43529739B59A}.Release|x64.Build.0 = Release|x64
		{58A48A68-15C8-4556-879F-69714181998B}.Debug|Win32.ActiveCfg = Debug|Win32
		{58A48A68-15C8-4556-879F-69714181998B}.Debug|Win32.Build.0 = Debug|Win32
		{58A48A68-15C8-4556-879F-69714181998B}.Debug|x64.ActiveCfg = Debug|x64
		{58A48A68-15C8-4556-879F-69714181998B}.Debug|x64.Build.0 = Debug|x64
		{58A48A68-15C8-4556-879F-69714181998B}.Release|Win32.ActiveCfg = Release|Win32
		{58A48A68-15C8-4556-879F-69714181998B}.Release|Win32.Build.0 = Release|Win32
		{58A48A68-15C8-4556-879F-69714181998B}.Release|x64.ActiveCfg = Release|x64
		{58A48A68-15C8-4556-879F-69714181998B}.Release|x64.Build.0 = Release|x64
		{B2BABA5C-A39B-4164-AFE0-6A596A65085C}.Debug|Win32.ActiveCfg = Debug|Win32
		{B2BABA5C-A39B-4164-AFE0-6A596A65085C}.Debug|Win32.Build.0 = Debug|Win32
		{B2BABA5C-A39B-4164-AFE0-6A596A65085C}.Debug|x64.ActiveCfg = Debug|x64
		{B2BABA5C-A39B-4164-AFE0-6A596A65085C}.Debug|x64.Build.0 = Debug|x64
		{B2BABA5C-A39B-4164-AFE0-6A596A65085C}.Release|Win32.ActiveCfg = Release|Win32
		{B2BABA5C-A39B-4164-AFE0-6A596A65085C}.Release|Win32.Build.0 = Release|Win32
		{B2BABA5C-A39B-4164-AFE0-6A596A65085C}.Release|x64.ActiveCfg = Release|x64
		{B2BABA5C-A39B-4164-AFE0-6A596A65085C}.Release|x64.Build.0 = Release|x64
		{7A169E3D-ECA6-4FF5-A626-2BFDD3A416BB}.Debug|Win32.ActiveCfg = Debug|Win32
		{7A169E3D-ECA6-4FF5-A626-2BFDD3A416BB}.Debug|Win32.Build.0 = Debug|Win32
		{7A169E3D-ECA6-4FF5-A626-2BFDD3A416BB}.Debug|x64.ActiveCfg = Debug|x64
		{7A169E3D-ECA6-4FF5-A626-2BFDD3A416BB}.Debug|x64.Build.0 = Debug|x64
		{7A169E3D-ECA6-4FF5-A626-2BFDD3A416BB}.Release|Win32.ActiveCfg = Release|Win32
		{7A169E3D-ECA6-4FF5-A626-2BFDD3A416BB}.Release|Win32.Build.0 = Release|Win32
		{7A169E3D-ECA6-4FF5-A626-2BFDD3A416BB}.Release|x64.ActiveCfg = Release|x64
		{7A169E3D-ECA6-4FF5-A626-2BFDD3A416BB}.Release|x64.Build.0 = Release|x64
		{2E563554-39A7-4559-AF46-5BAE95A5F81E}.Debug|Win32.ActiveCfg = Debug|Win32
		{2E563554-39A7-4559-AF46-5BAE95A5F81E}.Debug|Win32.Build.0 = Debug|Win32
		{2E563554-39A7-4559-AF46-5BAE95A5F81E}.Debug|x64.ActiveCfg = Debug|x64
		{2E563554-39A7-4559-AF46-5BAE95A5F81E}.Debug|x64.Build.0 = Debug|x64
		{2E563554-39A7-4559-AF46-5BAE95A5F81E}.Release|Win32.ActiveCfg = Release|Win32
		{2E563554-39A7-4559-AF46-5BAE95A5F81E}.Release|Win32.Build.0 = Release|Win32
		{2E563554-39A7-4559-AF46-5BAE95A5F81E}.Release|x64.ActiveCfg = Release|x64
		{2E563554-39A7-4559-AF46-5BAE95A5F81E}.Release|x64.Build.0 = Release|x64
		{983F3E6D-FD5E-4E3F-B6AF-BFB745F09D2B}.Debug|Win32.ActiveCfg = Debug|Win32
		{983F3E6D-FD5E-4E3F-B6AF-BFB745F09D2B}.Debug|Win32.Build.0 = Debug|Win32
		{983F3E6D-FD5E-4E3F-B6AF-BFB745F09D2B}.Debug|x64.ActiveCfg = Debug|x64
		{983F3E6D-FD5E-4E3F-B6AF-BFB745F09D2B}.Debug|x64.Build.0 = Debug|x64
		{983F3E6D-FD5E-4E3F-B6AF-BFB745F09D2B}.Release|Win32.ActiveCfg = Release|Win32
		{983F3E6D-FD5E-4E3F-B6AF-BFB745F09D2B}.Release|Win32.Build.0 = Release|Win32
		{983F3E6D-FD5E-4E3F-B6AF-BFB745F09D2B}.Release|x64.ActiveCfg = Release|x64
		{983F3E6D-FD5E-4E3F-B6AF-BFB745F09D2B}.Release|x64.Build.0 = Release|x64
		{598A50DE-7880-46BB-A0B5-D134D1FDF824}.Debug|Win32.ActiveCfg = Debug|Win32
		{598A50DE-7880-46BB-A0B5-D134D1FDF824}.Debug|Win32.Build.0 = Debug|Win32
		{598A50DE-7880-46BB-A0B5-D134D1FDF824}.Debug|x64.ActiveCfg = Debug|x64
		{598A50DE-7880-46BB-A0B5-D134D1FDF824}.Debug|x64.Build.0 = Debug|x64
		{598A50DE-7880-46BB-A0B5-D134D1FDF824}.Release|Win32.ActiveCfg = Release|Win32
		{598A50DE-7880-46BB-A0B5-D134D1FDF824}.Release|Win32.Build.0 = Release|Win32
		{598A50DE-7880-46BB-A0B5-D134D1FDF824}.Release|x64.ActiveCfg = Release|x64
		{598A50DE-7880-46BB-A0B5-D134D1FDF824}.Release|x64.Build.0 = Release|x64
		{72309BBD-8C0A-4F9E-B69E-6233A94239B8}.Debug|Win32.ActiveCfg = Debug|Win32
		{72309BBD-8C0A-4F9E-B69E-6233A94239B8}.Debug|Win32.Build.0 = Debug|Win32
		{72309BBD-8C0A-4F9E-B69E-6233A94239B8}.Debug|x64.ActiveCfg = Debug|x64
		{72309BBD-8C0A-4F9E-B69E-6233A94239B8}.Debug|x64.Build.0 = Debug|x64
		{72309BBD-8C0A-4F9E-B69E-6233A94239B8}.Release|Win32.ActiveCfg = Release|Win32
		{72309BBD-8C0A-4F9E-B69E-6233A94239B8}.Release|Win32.Build.0 = Release|Win32
		{72309BBD-8C0A-4F9E-B69E-6233A94239B8}.Release|x64.ActiveCfg = Release|x64
		{72309BBD-8C0A-4F9E-B69E-6233A94239B8}.Release|x64.Build.0 = Release|x64
		{87F6F602-C58C-4028-86A3-2EBA45A3BE8F}.Debug|Win32.ActiveCfg = Debug|Win32
		{87F6F602-C58C-4028-86A3-2EBA45A3BE8F}.Debug|Win32.Build.0 = Debug|Win32
		{87F6F602-C58C-4028-86A3-2EBA45A3BE8F}.Debug|x64.ActiveCfg = Debug|x64
		{87F6F602-C58C-4028-86A3-2EBA45A3BE8F}.Debug|x64.Build.0 = Debug|x64
		{87F6F602-C58C-4028-86A3-2EBA45A3BE8F}.Release|Win32.ActiveCfg = Release|Win32
		{87F6F602-C58C-4028-86A3-2EBA45A3BE8F}.Release|Win32.Build.0 = Release|Win32
		{87F6F602-C58C-4028-86A3-2EBA45A3BE8F}.Release|x64.ActiveCfg = Release|x64
		{87F6F602-C58C-4028-86A3-2EBA45A3BE8F}.Release|x64.Build.0 = Release|x64
		{B3D52679-A3C9-443A-AADF-A86CBE80AC8F}.Debug|Win32.ActiveCfg = Debug|Win32
		{B3D52679-A3C9-443A-AADF-A86CBE80AC8F}.Debug|Win32.Build.0 = Debug|Win32
		{B3D52679-A3C9-443A-AADF-A86CBE80AC8F}.Debug|x64.ActiveCfg = Debug|x64
		{B3D52679-A3C9-443A-AADF-A86CBE80AC8F}.Debug|x64.Build.0 = Debug|x64
		{B3D52679-A3C9-443A-AADF-A86CBE80AC8F}.Release|Win32.ActiveCfg = Release|Win32
		{B3D52679-A3C9-443A-AADF-A86CBE80AC8F}.Release|Win32.Build.0 = Release|Win32
		{B3D52679-A3C9-443A-AADF-A86CBE80AC8F}.Release|x64.ActiveCfg = Release|x64
		{B3D52679-A3C9-443A-AADF-A86CBE80AC8F}.Release|x64.Build.0 = Release|x64
		{6BE3BD8B-5622-41FE-B679-DACD44E7D2DA}.Debug|Win32.ActiveCfg = Debug|Win32
		{6BE3BD8B-5622-41FE-B679-DACD44E7D2DA}.Debug|Win32.Build.0 = Debug|Win32
		{6BE3BD8B-5622-41FE-B679-DACD44E7D2DA}.Debug|x64.ActiveCfg = Debug|x64
		{6BE3BD8B-5622-41FE-B679-DACD44E7D2DA}.Debug|x64.Build.0 = Debug|x64
		{6BE3BD8B-5622-41FE-B679-DACD44E7D2DA}.Release|Win32.ActiveCfg = Release|Win32
		{6BE3BD8B-5622-41FE-B679-DACD44E7D2DA}.Release|Win32.Build.0 = Release|Win32
		{6BE3BD8B-5622-41FE-B679-DACD44E7D2DA}.Release|x64.ActiveCfg = Release|x64
		{6BE3BD8B-5622-41FE-B679-DACD44E7D2DA}.Release|x64.Build.0 = Release|x64
		{4F8EE3A9-BE51-40A4-8CA5-4E341452BD2A}.Debug|Win32.ActiveCfg = Debug|x64
		{4F8EE3A9-BE51-40A4-8CA5-4E341452BD2A}.Debug|Win32.Build.0 = Debug|x64
		{4F8EE3A9-BE51-40A4-8CA5-4E341452BD2A}.Debug|x64.ActiveCfg = Debug|x64
		{4F8EE3A9-BE51-40A4-8CA5-4E341452BD2A}.Debug|x64.Build.0 = Debug|x64
		{4F8EE3A9-BE51-40A4-8CA5-4E341452BD2A}.Release|Win32.ActiveCfg = Release|Win32
		{4F8EE3A9-BE51-40A4-8CA5-4E341452BD2A}.Release|Win32.Build.0 = Release|Win32
		{4F8EE3A9-BE51-40A4-8CA5-4E341452BD2A}.Release|x64.ActiveCfg = Release|x64
		{4F8EE3A9-BE51-40A4-8CA5-4E341452BD2A}.Release|x64.Build.0 = Release|x64
		{4B0AE35B-1277-45A7-86D9-0B4E96F503FC}.Debug|Win32.ActiveCfg = Debug|Win32
		{4B0AE35B-1277-45A7-86D9-0B4E96F503FC}.Debug|Win32.Build.0 = Debug|Win32
		{4B0AE35B-1277-45A7-86D9-0B4E96F503FC}.Debug|x64.ActiveCfg = Debug|x64
		{4B0AE35B-1277-45A7-86D9-0B4E96F503FC}.Debug|x64.Build.0 = Debug|x64
		{4B0AE35B-1277-45A7-86D9-0B4E96F503FC}.Release|Win32.ActiveCfg = Release|Win32
		{4B0AE35B-1277-45A7-86D9-0B4E96F503FC}.Release|Win32.Build.0 = Release|Win32
		{4B0AE35B-1277-45A7-86D9-0B4E96F503FC}.Release|x64.ActiveCfg = Release|x64
		{4B0AE35B-1277-45A7-86D9-0B4E96F503FC}.Release|x64.Build.0 = Release|x64
		{1ACD7EE1-E1F5-4262-83EA-6C633A57D162}.Debug|Win32.ActiveCfg = Debug|Win32
		{1ACD7EE1-E1F5-4262-83EA-6C633A57D162}.Debug|Win32.Build.0 = Debug|Win32
		{1ACD7EE1-E1F5-4262-83EA-6C633A57D162}.Debug|x64.ActiveCfg = Debug|x64
		{1ACD7EE1-E1F5-4262-83EA-6C633A57D162}.Debug|x64.Build.0 = Debug|x64
		{1ACD7EE1-E1F5-4262-83EA-6C633A57D162}.Release|Win32.ActiveCfg = Release|Win32
		{1ACD7EE1-E1F5-4262-83EA-6C633A57D162}.Release|Win32.Build.0 = Release|Win32
		{1ACD7EE1-E1F5-4262-83EA-6C633A57D162}.Release|x64.ActiveCfg = Release|x64
		{1ACD7EE1-E1F5-4262-83EA-6C633A57D162}.Release|x64.Build.0 = Release|x64
		{0EA26975-76DB-4993-A218-6639CE7F60AD}.Debug|Win32.ActiveCfg = Debug|Win32
		{0EA26975-76DB-4993-A218-6639CE7F60AD}.Debug|Win32.Build.0 = Debug|Win32
		{0EA26975-76DB-4993-A218-6639CE7F60AD}.Debug|x64.ActiveCfg = Debug|x64
		{0EA26975-76DB-4993-A218-6639CE7F60AD}.Debug|x64.Build.0 = Debug|x64
		{0EA26975-76DB-4993-A218-6639CE7F60AD}.Release|Win32.ActiveCfg = Release|Win32
		{0EA26975-76DB-4993-A218-6639CE7F60AD}.Release|Win32.Build.0 = Release|Win32
		{0EA26975-76DB-4993-A218-6639CE7F60AD}.Release|x64.ActiveCfg = Release|x64
		{0EA26975-76DB-4993-A218-6639CE7F60AD}.Release|x64.Build.0 = Release|x64
		{42A26F66-483B-4CC7-94DB-EAA608170A45}.Debug|Win32.ActiveCfg = Debug|Win32
		{42A26F66-483B-4CC7-94DB-EAA608170A45}.Debug|Win32.Build.0 = Debug|Win32
		{42A26F66-483B-4CC7-94DB-EAA608170A45}.Debug|x64.ActiveCfg = Debug|x64
		{42A26F66-483B-4CC7-94DB-EAA608170A45}.Debug|x64.Build.0 = Debug|x64
		{42A26F66-483B-4CC7-94DB-EAA608170A45}.Release|Win32.ActiveCfg = Release|Win32
		{42A26F66-483B-4CC7-94DB-EAA608170A45}.Release|Win32.Build.0 = Release|Win32
		{42A26F66-483B-4CC7-94DB-EAA608170A45}.Release|x64.ActiveCfg = Release|x64
		{42A26F66-483B-4CC7-94DB-EAA608170A45}.Release|x64.Build.0 = Release|x64
	EndGlobalSection
	GlobalSection(SolutionProperties) = preSolution
		HideSolutionNode = FALSE
	EndGlobalSection
	GlobalSection(NestedProjects) = preSolution
		{A5A797C3-785B-4638-9377-19A4E085AA8A} = {D7BA7975-FE3B-4C82-8E6A-5F72B3BBF950}
		{A974B09E-F625-45B5-83BE-94F3FADC62FA} = {A5A797C3-785B-4638-9377-19A4E085AA8A}
		{2D5F9B79-DCEB-455E-8965-E689B61CDD77} = {A5A797C3-785B-4638-9377-19A4E085AA8A}
		{E37D8DEE-BB2F-4829-B39E-14B19BED9B23} = {A5A797C3-785B-4638-9377-19A4E085AA8A}
		{A9CA56CE-A2DC-4BBC-A750-B91ED247756C} = {A5A797C3-785B-4638-9377-19A4E085AA8A}
		{30EE9052-5669-4021-9511-B07C09C17D5D} = {A5A797C3-785B-4638-9377-19A4E085AA8A}
		{A6D8222B-C0B7-48E4-BA93-287ACBB85137} = {A5A797C3-785B-4638-9377-19A4E085AA8A}
		{C215B79E-B698-4105-AF20-B1834C9A6A2B} = {D7BA7975-FE3B-4C82-8E6A-5F72B3BBF950}
		{44BD14C8-CCD8-4DE9-A46A-B59378BF7F25} = {D7BA7975-FE3B-4C82-8E6A-5F72B3BBF950}
		{A515AC87-D96A-4B2E-8E58-43529739B59A} = {D7BA7975-FE3B-4C82-8E6A-5F72B3BBF950}
		{58A48A68-15C8-4556-879F-69714181998B} = {D7BA7975-FE3B-4C82-8E6A-5F72B3BBF950}
		{B2BABA5C-A39B-4164-AFE0-6A596A65085C} = {D7BA7975-FE3B-4C82-8E6A-5F72B3BBF950}
		{7A169E3D-ECA6-4FF5-A626-2BFDD3A416BB} = {D7BA7975-FE3B-4C82-8E6A-5F72B3BBF950}
		{2E563554-39A7-4559-AF46-5BAE95A5F81E} = {D7BA7975-FE3B-4C82-8E6A-5F72B3BBF950}
		{983F3E6D-FD5E-4E3F-B6AF-BFB745F09D2B} = {D7BA7975-FE3B-4C82-8E6A-5F72B3BBF950}
		{598A50DE-7880-46BB-A0B5-D134D1FDF824} = {D7BA7975-FE3B-4C82-8E6A-5F72B3BBF950}
		{72309BBD-8C0A-4F9E-B69E-6233A94239B8} = {D7BA7975-FE3B-4C82-8E6A-5F72B3BBF950}
		{87F6F602-C58C-4028-86A3-2EBA45A3BE8F} = {D7BA7975-FE3B-4C82-8E6A-5F72B3BBF950}
	EndGlobalSection
EndGlobal
